Microsoft Visual Studio Solution File, Format Version 12.00
# Visual Studio Version 17
VisualStudioVersion = 17.13.35931.197
MinimumVisualStudioVersion = 10.0.40219.1
Project("{FAE04EC0-301F-11D3-BF4B-00C04F79EFBC}") = "Clases", "Clases\Clases.csproj", "{EC97517B-A15E-4C47-9D66-60239CF57BE1}"
EndProject
Project("{FAE04EC0-301F-11D3-BF4B-00C04F79EFBC}") = "PruebaPersona", "PruebaPersona\PruebaPersona.csproj", "{AF18D036-7634-4645-BF22-6E42645B2198}"
EndProject
Global
	GlobalSection(SolutionConfigurationPlatforms) = preSolution
		Debug|Any CPU = Debug|Any CPU
		Release|Any CPU = Release|Any CPU
	EndGlobalSection
	GlobalSection(ProjectConfigurationPlatforms) = postSolution
		{EC97517B-A15E-4C47-9D66-60239CF57BE1}.Debug|Any CPU.ActiveCfg = Debug|Any CPU
		{EC97517B-A15E-4C47-9D66-60239CF57BE1}.Debug|Any CPU.Build.0 = Debug|Any CPU
		{EC97517B-A15E-4C47-9D66-60239CF57BE1}.Release|Any CPU.ActiveCfg = Release|Any CPU
		{EC97517B-A15E-4C47-9D66-60239CF57BE1}.Release|Any CPU.Build.0 = Release|Any CPU
		{AF18D036-7634-4645-BF22-6E42645B2198}.Debug|Any CPU.ActiveCfg = Debug|Any CPU
		{AF18D036-7634-4645-BF22-6E42645B2198}.Debug|Any CPU.Build.0 = Debug|Any CPU
		{AF18D036-7634-4645-BF22-6E42645B2198}.Release|Any CPU.ActiveCfg = Release|Any CPU
		{AF18D036-7634-4645-BF22-6E42645B2198}.Release|Any CPU.Build.0 = Release|Any CPU
	EndGlobalSection
	GlobalSection(SolutionProperties) = preSolution
		HideSolutionNode = FALSE
	EndGlobalSection
	GlobalSection(ExtensibilityGlobals) = postSolution
		SolutionGuid = {1FA9CCEC-C9C7-450A-84E9-5BF251DB0BBF}
	EndGlobalSection
EndGlobal
